DEPENDENCIES
  mydevmachine
    path: .
    metadata: true
  prezto
    git: https://github.com/leifcr/chef-prezto.git
    revision: 7689e0e36e71b108cb52988e7cb05e522ac4824f
  pyenv
    git: https://github.com/sds/chef-pyenv.git
    revision: 57b8c75066f4268f81b4736cd77d6398c4edd08c
  rbenv
    git: https://github.com/fnichol/chef-rbenv.git
    revision: 0a3018634bafe58ad21c6ee271af015220e444b9
  users
    git: https://github.com/gionn/users.git
    revision: fca9a42ab44dadbb98432c931dfc6c049ecc23ce

GRAPH
  7-zip (1.0.2)
    windows (>= 1.2.2)
  apt (2.6.1)
  ark (0.9.0)
    7-zip (>= 0.0.0)
    windows (>= 0.0.0)
  build-essential (2.2.3)
  chef_handler (1.1.9)
  dmg (2.2.2)
  git (4.2.2)
    build-essential (>= 0.0.0)
    dmg (>= 0.0.0)
    windows (>= 0.0.0)
    yum-epel (>= 0.0.0)
  java (1.31.0)
  mydevmachine (0.1.0)
    apt (~> 2.6.1)
    java (~> 1.31.0)
    nodejs (~> 2.2.0)
    prezto (~> 0.1.4)
    pyenv (~> 0.1.0)
    rbenv (~> 0.7.3)
    ruby_build (~> 0.8.0)
    users (~> 1.7.1)
  nodejs (2.2.0)
    apt (>= 0.0.0)
    ark (>= 0.0.0)
    build-essential (>= 0.0.0)
    yum-epel (>= 0.0.0)
  prezto (0.1.4)
    git (>= 0.0.0)
    zsh (>= 0.0.0)
  pyenv (0.1.0)
  rbenv (0.7.3)
    java (> 1.4.0)
    ruby_build (>= 0.0.0)
  ruby_build (0.8.0)
  users (1.7.1)
  windows (1.37.0)
    chef_handler (>= 0.0.0)
  yum (3.6.0)
  yum-epel (0.6.0)
    yum (~> 3.0)
  zsh (1.0.1)
