DEPENDENCIES
  mydevmachine
    path: .
    metadata: true
  prezto
    git: https://github.com/leifcr/chef-prezto.git
    revision: 7689e0e36e71b108cb52988e7cb05e522ac4824f
  pyenv
    git: git@github.com:gionn/chef-pyenv.git
    revision: 5ea4bd79c43fd9b4e1250bc86b28a1989f0de212
    branch: chef-13

GRAPH
  apt (6.1.4)
  build-essential (8.0.3)
    mingw (>= 1.1)
    seven_zip (>= 0.0.0)
  dmg (4.0.0)
  git (8.0.0)
    build-essential (>= 0.0.0)
    homebrew (>= 0.0.0)
  homebrew (4.2.0)
  java (1.50.0)
    apt (>= 0.0.0)
    homebrew (>= 0.0.0)
    windows (>= 0.0.0)
  mingw (2.0.1)
    seven_zip (>= 0.0.0)
  mydevmachine (0.1.0)
    apt (>= 0.0.0)
    java (>= 0.0.0)
    nvm (>= 0.0.0)
    prezto (>= 0.0.0)
    pyenv (>= 0.0.0)
    ruby_rbenv (>= 0.0.0)
    users (>= 0.0.0)
    vagrant (>= 0.0.0)
  nvm (0.1.7)
    build-essential (>= 0.0.0)
    git (>= 0.0.0)
  ohai (5.2.0)
  prezto (0.1.4)
    git (>= 0.0.0)
    zsh (>= 0.0.0)
  pyenv (0.1.4)
  ruby_rbenv (2.0.4)
  seven_zip (2.0.2)
    windows (>= 1.2.2)
  users (5.1.0)
  vagrant (0.7.1)
    dmg (>= 2.2.2)
    windows (>= 1.38)
  windows (3.1.3)
    ohai (>= 4.0.0)
  zsh (1.0.3)
