DEPENDENCIES
  mydevmachine
    path: .
    metadata: true
  prezto
    git: https://github.com/leifcr/chef-prezto.git
    revision: 7689e0e36e71b108cb52988e7cb05e522ac4824f
  pyenv
    git: https://github.com/sds/chef-pyenv.git
    revision: f5ff84c83f6c01f6ee1c94371ec0b73bb8d70466

GRAPH
  apt (7.2.0)
  build-essential (8.2.1)
    mingw (>= 1.1)
    seven_zip (>= 0.0.0)
  compat_resource (12.19.1)
  git (10.0.0)
  homebrew (5.0.8)
  java (4.3.0)
    homebrew (>= 0.0.0)
    windows (>= 0.0.0)
  mingw (2.1.0)
    seven_zip (>= 0.0.0)
  multipackage (3.0.30)
    compat_resource (>= 0.0.0)
  mydevmachine (0.1.0)
    apt (>= 0.0.0)
    java (>= 0.0.0)
    nvm (>= 0.0.0)
    prezto (>= 0.0.0)
    pyenv (>= 0.0.0)
    ruby_rbenv (>= 0.0.0)
    users (>= 0.0.0)
    vagrant (>= 0.0.0)
  nvm (0.1.7)
    build-essential (>= 0.0.0)
    git (>= 0.0.0)
  prezto (0.1.4)
    git (>= 0.0.0)
    zsh (>= 0.0.0)
  pyenv (3.1.1)
  ruby_rbenv (2.3.0)
  seven_zip (3.1.2)
    windows (>= 0.0.0)
  users (5.4.0)
  vagrant (2.0.0)
  windows (6.0.1)
  zsh (2.0.0)
    multipackage (~> 3.0)
